{
  "originHash" : "f7b1d3cde643b9802ef7229da777484e259d350b9bfa0d385408047eaf60e8ea",
  "pins" : [
    {
      "identity" : "bigint",
      "kind" : "remoteSourceControl",
      "location" : "https://github.com/leif-ibsen/BigInt",
      "state" : {
        "revision" : "ba54c8b51392627d4cc9b05a672cce558be56e04",
        "version" : "1.17.0"
      }
    }
  ],
  "version" : 3
}
